
Microsoft Visual Studio Solution File, Format Version 12.00
# Visual Studio Version 16
VisualStudioVersion = 16.0.29102.190
MinimumVisualStudioVersion = 10.0.40219.1
Project("{FAE04EC0-301F-11D3-BF4B-00C04F79EFBC}") = "SSLwithIIS", "SSLwithIIS\SSLwithIIS.csproj", "{C0400C25-2B5A-4800-AC0A-0E32BE907C9E}"
EndProject
Project("{FAE04EC0-301F-11D3-BF4B-00C04F79EFBC}") = "SSLwithIIS.Tests", "SSLwithIIS.Tests\SSLwithIIS.Tests.csproj", "{69F6CC38-6F60-4169-8B13-E161502190D8}"
EndProject
Global
	GlobalSection(SolutionConfigurationPlatforms) = preSolution
		Debug|Any CPU = Debug|Any CPU
		Release|Any CPU = Release|Any CPU
	EndGlobalSection
	GlobalSection(ProjectConfigurationPlatforms) = postSolution
		{C0400C25-2B5A-4800-AC0A-0E32BE907C9E}.Debug|Any CPU.ActiveCfg = Debug|Any CPU
		{C0400C25-2B5A-4800-AC0A-0E32BE907C9E}.Debug|Any CPU.Build.0 = Debug|Any CPU
		{C0400C25-2B5A-4800-AC0A-0E32BE907C9E}.Release|Any CPU.ActiveCfg = Release|Any CPU
		{C0400C25-2B5A-4800-AC0A-0E32BE907C9E}.Release|Any CPU.Build.0 = Release|Any CPU
		{69F6CC38-6F60-4169-8B13-E161502190D8}.Debug|Any CPU.ActiveCfg = Debug|Any CPU
		{69F6CC38-6F60-4169-8B13-E161502190D8}.Debug|Any CPU.Build.0 = Debug|Any CPU
		{69F6CC38-6F60-4169-8B13-E161502190D8}.Release|Any CPU.ActiveCfg = Release|Any CPU
		{69F6CC38-6F60-4169-8B13-E161502190D8}.Release|Any CPU.Build.0 = Release|Any CPU
	EndGlobalSection
	GlobalSection(SolutionProperties) = preSolution
		HideSolutionNode = FALSE
	EndGlobalSection
	GlobalSection(ExtensibilityGlobals) = postSolution
		SolutionGuid = {2660C68B-592F-4CC8-B0D6-EEF2D8A84847}
	EndGlobalSection
EndGlobal
